
Microsoft Visual Studio Solution File, Format Version 12.00
# Visual Studio Version 16
VisualStudioVersion = 16.0.30804.86
MinimumVisualStudioVersion = 10.0.40219.1
Project("{FAE04EC0-301F-11D3-BF4B-00C04F79EFBC}") = "BigBucksCoffee", "BigBucksCoffee\BigBucksCoffee.csproj", "{8993ABF7-9126-457E-BE72-E02F5592BD6A}"
EndProject
Project("{FAE04EC0-301F-11D3-BF4B-00C04F79EFBC}") = "BigBucksCoffee.Test", "BigBucksCoffee.Test\BigBucksCoffee.Test.csproj", "{4C415B43-866D-42CD-AEC3-89182EC57E34}"
EndProject
Global
	GlobalSection(SolutionConfigurationPlatforms) = preSolution
		Debug|Any CPU = Debug|Any CPU
		Release|Any CPU = Release|Any CPU
	EndGlobalSection
	GlobalSection(ProjectConfigurationPlatforms) = postSolution
		{8993ABF7-9126-457E-BE72-E02F5592BD6A}.Debug|Any CPU.ActiveCfg = Debug|Any CPU
		{8993ABF7-9126-457E-BE72-E02F5592BD6A}.Debug|Any CPU.Build.0 = Debug|Any CPU
		{8993ABF7-9126-457E-BE72-E02F5592BD6A}.Release|Any CPU.ActiveCfg = Release|Any CPU
		{8993ABF7-9126-457E-BE72-E02F5592BD6A}.Release|Any CPU.Build.0 = Release|Any CPU
		{4C415B43-866D-42CD-AEC3-89182EC57E34}.Debug|Any CPU.ActiveCfg = Debug|Any CPU
		{4C415B43-866D-42CD-AEC3-89182EC57E34}.Debug|Any CPU.Build.0 = Debug|Any CPU
		{4C415B43-866D-42CD-AEC3-89182EC57E34}.Release|Any CPU.ActiveCfg = Release|Any CPU
		{4C415B43-866D-42CD-AEC3-89182EC57E34}.Release|Any CPU.Build.0 = Release|Any CPU
	EndGlobalSection
	GlobalSection(SolutionProperties) = preSolution
		HideSolutionNode = FALSE
	EndGlobalSection
	GlobalSection(ExtensibilityGlobals) = postSolution
		SolutionGuid = {CA0374E1-093D-4B8E-8197-14F771BF1A11}
	EndGlobalSection
EndGlobal
